Microsoft Visual Studio Solution File, Format Version 12.00
# Visual Studio Version 17
VisualStudioVersion = 17.5.2.0
MinimumVisualStudioVersion = 10.0.40219.1
Project("{FAE04EC0-301F-11D3-BF4B-00C04F79EFBC}") = "greptile_with_custom_context_rules_greptile.json-", "greptile_with_custom_context_rules_greptile.json-.csproj", "{33D3FE1B-44DF-83CC-732A-2EEB99C1E287}"
EndProject
Global
	GlobalSection(SolutionConfigurationPlatforms) = preSolution
		Debug|Any CPU = Debug|Any CPU
		Release|Any CPU = Release|Any CPU
	EndGlobalSection
	GlobalSection(ProjectConfigurationPlatforms) = postSolution
		{33D3FE1B-44DF-83CC-732A-2EEB99C1E287}.Debug|Any CPU.ActiveCfg = Debug|Any CPU
		{33D3FE1B-44DF-83CC-732A-2EEB99C1E287}.Debug|Any CPU.Build.0 = Debug|Any CPU
		{33D3FE1B-44DF-83CC-732A-2EEB99C1E287}.Release|Any CPU.ActiveCfg = Release|Any CPU
		{33D3FE1B-44DF-83CC-732A-2EEB99C1E287}.Release|Any CPU.Build.0 = Release|Any CPU
	EndGlobalSection
	GlobalSection(SolutionProperties) = preSolution
		HideSolutionNode = FALSE
	EndGlobalSection
	GlobalSection(ExtensibilityGlobals) = postSolution
		SolutionGuid = {7BA6CA54-AD97-4C8E-B742-ECA0042892E4}
	EndGlobalSection
EndGlobal
